// !$*UTF8*$!
{
	archiveVersion = 1;
	classes = {
	};
	objectVersion = 46;
	objects = {

/* Begin PBXBuildFile section */
		6C8ECD091D1B59370048F9D7 /* main.swift in Sources */ = {isa = PBXBuildFile; fileRef = 6C8ECD081D1B59370048F9D7 /* main.swift */; };
		6C8ECD111D1B5ABC0048F9D7 /* AcoustID.swift in Sources */ = {isa = PBXBuildFile; fileRef = 6C8ECD101D1B5ABC0048F9D7 /* AcoustID.swift */; };
/* End PBXBuildFile section */

/* Begin PBXCopyFilesBuildPhase section */
		6C8ECD031D1B59370048F9D7 /* CopyFiles */ = {
			isa = PBXCopyFilesBuildPhase;
			buildActionMask = 2147483647;
			dstPath = /usr/share/man/man1/;
			dstSubfolderSpec = 0;
			files = (
			);
			runOnlyForDeploymentPostprocessing = 1;
		};
/* End PBXCopyFilesBuildPhase section */

/* Begin PBXFileReference section */
		6C8ECD051D1B59370048F9D7 /* fsduplicates */ = {isa = PBXFileReference; explicitFileType = "compiled.mach-o.executable"; includeInIndex = 0; path = fsduplicates; sourceTree = BUILT_PRODUCTS_DIR; };
		6C8ECD081D1B59370048F9D7 /* main.swift */ = {isa = PBXFileReference; lastKnownFileType = sourcecode.swift; path = main.swift; sourceTree = "<group>"; };
		6C8ECD101D1B5ABC0048F9D7 /* AcoustID.swift */ = {isa = PBXFileReference; fileEncoding = 4; lastKnownFileType = sourcecode.swift; name = AcoustID.swift; path = Model/AcoustID.swift; sourceTree = "<group>"; };
		6C8ECD141D1B5BAF0048F9D7 /* client_id.plist */ = {isa = PBXFileReference; fileEncoding = 4; lastKnownFileType = text.plist.xml; name = client_id.plist; path = Meta/client_id.plist; sourceTree = "<group>"; };
/* End PBXFileReference section */

/* Begin PBXFrameworksBuildPhase section */
		6C8ECD021D1B59370048F9D7 /* Frameworks */ = {
			isa = PBXFrameworksBuildPhase;
			buildActionMask = 2147483647;
			files = (
			);
			runOnlyForDeploymentPostprocessing = 0;
		};
/* End PBXFrameworksBuildPhase section */

/* Begin PBXGroup section */
		6C8ECCFC1D1B59370048F9D7 = {
			isa = PBXGroup;
			children = (
				6C8ECD071D1B59370048F9D7 /* fsduplicates */,
				6C8ECD061D1B59370048F9D7 /* Products */,
			);
			sourceTree = "<group>";
		};
		6C8ECD061D1B59370048F9D7 /* Products */ = {
			isa = PBXGroup;
			children = (
				6C8ECD051D1B59370048F9D7 /* fsduplicates */,
			);
			name = Products;
			sourceTree = "<group>";
		};
		6C8ECD071D1B59370048F9D7 /* fsduplicates */ = {
			isa = PBXGroup;
			children = (
				6C8ECD131D1B5B7C0048F9D7 /* Meta */,
				6C8ECD0F1D1B5A850048F9D7 /* Model */,
				6C8ECD081D1B59370048F9D7 /* main.swift */,
			);
			path = fsduplicates;
			sourceTree = "<group>";
		};
		6C8ECD0F1D1B5A850048F9D7 /* Model */ = {
			isa = PBXGroup;
			children = (
				6C8ECD101D1B5ABC0048F9D7 /* AcoustID.swift */,
			);
			name = Model;
			sourceTree = "<group>";
		};
		6C8ECD131D1B5B7C0048F9D7 /* Meta */ = {
			isa = PBXGroup;
			children = (
				6C8ECD141D1B5BAF0048F9D7 /* client_id.plist */,
			);
			name = Meta;
			sourceTree = "<group>";
		};
/* End PBXGroup section */

/* Begin PBXNativeTarget section */
		6C8ECD041D1B59370048F9D7 /* fsduplicates */ = {
			isa = PBXNativeTarget;
			buildConfigurationList = 6C8ECD0C1D1B59370048F9D7 /* Build configuration list for PBXNativeTarget "fsduplicates" */;
			buildPhases = (
				6C8ECD011D1B59370048F9D7 /* Sources */,
				6C8ECD021D1B59370048F9D7 /* Frameworks */,
				6C8ECD031D1B59370048F9D7 /* CopyFiles */,
			);
			buildRules = (
			);
			dependencies = (
			);
			name = fsduplicates;
			productName = fsduplicates;
			productReference = 6C8ECD051D1B59370048F9D7 /* fsduplicates */;
			productType = "com.apple.product-type.tool";
		};
/* End PBXNativeTarget section */

/* Begin PBXProject section */
		6C8ECCFD1D1B59370048F9D7 /* Project object */ = {
			isa = PBXProject;
			attributes = {
				LastSwiftUpdateCheck = 0800;
				LastUpgradeCheck = 0800;
				ORGANIZATIONNAME = "Andy Ibanez";
				TargetAttributes = {
					6C8ECD041D1B59370048F9D7 = {
						CreatedOnToolsVersion = 8.0;
						ProvisioningStyle = Automatic;
					};
				};
			};
			buildConfigurationList = 6C8ECD001D1B59370048F9D7 /* Build configuration list for PBXProject "fsduplicates" */;
			compatibilityVersion = "Xcode 3.2";
			developmentRegion = English;
			hasScannedForEncodings = 0;
			knownRegions = (
				en,
			);
			mainGroup = 6C8ECCFC1D1B59370048F9D7;
			productRefGroup = 6C8ECD061D1B59370048F9D7 /* Products */;
			projectDirPath = "";
			projectRoot = "";
			targets = (
				6C8ECD041D1B59370048F9D7 /* fsduplicates */,
			);
		};
/* End PBXProject section */

/* Begin PBXSourcesBuildPhase section */
		6C8ECD011D1B59370048F9D7 /* Sources */ = {
			isa = PBXSourcesBuildPhase;
			buildActionMask = 2147483647;
			files = (
				6C8ECD091D1B59370048F9D7 /* main.swift in Sources */,
				6C8ECD111D1B5ABC0048F9D7 /* AcoustID.swift in Sources */,
			);
			runOnlyForDeploymentPostprocessing = 0;
		};
/* End PBXSourcesBuildPhase section */

/* Begin XCBuildConfiguration section */
		6C8ECD0A1D1B59370048F9D7 /* Debug */ = {
			isa = XCBuildConfiguration;
			buildSettings = {
				ALWAYS_SEARCH_USER_PATHS = NO;
				CLANG_ANALYZER_NONNULL = YES;
				CLANG_CXX_LANGUAGE_STANDARD = "gnu++0x";
				CLANG_CXX_LIBRARY = "libc++";
				CLANG_ENABLE_MODULES = YES;
				CLANG_ENABLE_OBJC_ARC = YES;
				CLANG_WARN_BOOL_CONVERSION = YES;
				CLANG_WARN_CONSTANT_CONVERSION = YES;
				CLANG_WARN_DIRECT_OBJC_ISA_USAGE = YES_ERROR;
				CLANG_WARN_DOCUMENTATION_COMMENTS = YES;
				CLANG_WARN_EMPTY_BODY = YES;
				CLANG_WARN_ENUM_CONVERSION = YES;
				CLANG_WARN_INT_CONVERSION = YES;
				CLANG_WARN_OBJC_ROOT_CLASS = YES_ERROR;
				CLANG_WARN_UNREACHABLE_CODE = YES;
				CLANG_WARN__DUPLICATE_METHOD_MATCH = YES;
				CODE_SIGN_IDENTITY = "-";
				COPY_PHASE_STRIP = NO;
				DEBUG_INFORMATION_FORMAT = dwarf;
				ENABLE_STRICT_OBJC_MSGSEND = YES;
				ENABLE_TESTABILITY = YES;
				GCC_C_LANGUAGE_STANDARD = gnu99;
				GCC_DYNAMIC_NO_PIC = NO;
				GCC_NO_COMMON_BLOCKS = YES;
				GCC_OPTIMIZATION_LEVEL = 0;
				GCC_PREPROCESSOR_DEFINITIONS = (
					"DEBUG=1",
					"$(inherited)",
				);
				GCC_WARN_64_TO_32_BIT_CONVERSION = YES;
				GCC_WARN_ABOUT_RETURN_TYPE = YES_ERROR;
				GCC_WARN_UNDECLARED_SELECTOR = YES;
				GCC_WARN_UNINITIALIZED_AUTOS = YES_AGGRESSIVE;
				GCC_WARN_UNUSED_FUNCTION = YES;
				GCC_WARN_UNUSED_VARIABLE = YES;
				MACOSX_DEPLOYMENT_TARGET = 10.11;
				MTL_ENABLE_DEBUG_INFO = YES;
				ONLY_ACTIVE_ARCH = YES;
				SDKROOT = macosx;
				SWIFT_OPTIMIZATION_LEVEL = "-Onone";
			};
			name = Debug;
		};
		6C8ECD0B1D1B59370048F9D7 /* Release */ = {
			isa = XCBuildConfiguration;
			buildSettings = {
				ALWAYS_SEARCH_USER_PATHS = NO;
				CLANG_ANALYZER_NONNULL = YES;
				CLANG_CXX_LANGUAGE_STANDARD = "gnu++0x";
				CLANG_CXX_LIBRARY = "libc++";
				CLANG_ENABLE_MODULES = YES;
				CLANG_ENABLE_OBJC_ARC = YES;
				CLANG_WARN_BOOL_CONVERSION = YES;
				CLANG_WARN_CONSTANT_CONVERSION = YES;
				CLANG_WARN_DIRECT_OBJC_ISA_USAGE = YES_ERROR;
				CLANG_WARN_DOCUMENTATION_COMMENTS = YES;
				CLANG_WARN_EMPTY_BODY = YES;
				CLANG_WARN_ENUM_CONVERSION = YES;
				CLANG_WARN_INT_CONVERSION = YES;
				CLANG_WARN_OBJC_ROOT_CLASS = YES_ERROR;
				CLANG_WARN_UNREACHABLE_CODE = YES;
				CLANG_WARN__DUPLICATE_METHOD_MATCH = YES;
				CODE_SIGN_IDENTITY = "-";
				COPY_PHASE_STRIP = NO;
				DEBUG_INFORMATION_FORMAT = "dwarf-with-dsym";
				ENABLE_NS_ASSERTIONS = NO;
				ENABLE_STRICT_OBJC_MSGSEND = YES;
				GCC_C_LANGUAGE_STANDARD = gnu99;
				GCC_NO_COMMON_BLOCKS = YES;
				GCC_WARN_64_TO_32_BIT_CONVERSION = YES;
				GCC_WARN_ABOUT_RETURN_TYPE = YES_ERROR;
				GCC_WARN_UNDECLARED_SELECTOR = YES;
				GCC_WARN_UNINITIALIZED_AUTOS = YES_AGGRESSIVE;
				GCC_WARN_UNUSED_FUNCTION = YES;
				GCC_WARN_UNUSED_VARIABLE = YES;
				MACOSX_DEPLOYMENT_TARGET = 10.11;
				MTL_ENABLE_DEBUG_INFO = NO;
				SDKROOT = macosx;
			};
			name = Release;
		};
		6C8ECD0D1D1B59370048F9D7 /* Debug */ = {
			isa = XCBuildConfiguration;
			buildSettings = {
				PRODUCT_NAME = "$(TARGET_NAME)";
			};
			name = Debug;
		};
		6C8ECD0E1D1B59370048F9D7 /* Release */ = {
			isa = XCBuildConfiguration;
			buildSettings = {
				PRODUCT_NAME = "$(TARGET_NAME)";
			};
			name = Release;
		};
/* End XCBuildConfiguration section */

/* Begin XCConfigurationList section */
		6C8ECD001D1B59370048F9D7 /* Build configuration list for PBXProject "fsduplicates" */ = {
			isa = XCConfigurationList;
			buildConfigurations = (
				6C8ECD0A1D1B59370048F9D7 /* Debug */,
				6C8ECD0B1D1B59370048F9D7 /* Release */,
			);
			defaultConfigurationIsVisible = 0;
			defaultConfigurationName = Release;
		};
		6C8ECD0C1D1B59370048F9D7 /* Build configuration list for PBXNativeTarget "fsduplicates" */ = {
			isa = XCConfigurationList;
			buildConfigurations = (
				6C8ECD0D1D1B59370048F9D7 /* Debug */,
				6C8ECD0E1D1B59370048F9D7 /* Release */,
			);
			defaultConfigurationIsVisible = 0;
		};
/* End XCConfigurationList section */
	};
	rootObject = 6C8ECCFD1D1B59370048F9D7 /* Project object */;
}
